PODS:
  - Alamofire (4.9.1)
  - AlamofireImage (3.6.0):
    - Alamofire (~> 4.9)
  - AlamofireObjectMapper (5.2.1):
    - Alamofire (~> 4.7)
    - ObjectMapper (~> 3.4)
  - BSGridCollectionViewLayout (1.2.5)
  - BSImagePicker (2.10.3):
    - BSGridCollectionViewLayout (= 1.2.5)
    - BSImageView (= 1.0.3)
  - BSImageView (1.0.3)
  - CryptoSwift (1.2.0)
  - HandyJSON (5.0.1)
  - IQKeyboardManagerSwift (6.5.4)
  - Kingfisher (4.10.1)
  - Masonry (1.1.0)
  - MBProgressHUD (1.1.0)
  - MJRefresh (3.2.3)
  - MMPopupView (1.7.2):
    - Masonry
  - Moya (13.0.1):
    - Moya/Core (= 13.0.1)
  - Moya/Core (13.0.1):
    - Alamofire (~> 4.1)
    - Result (~> 4.1)
  - NNPlateKeyboard (1.0.3):
    - SnapKit
    - SnapKitExtend
    - SwiftExpand
  - ObjectMapper (3.5.1)
  - OHHTTPStubs (8.0.0):
    - OHHTTPStubs/Default (= 8.0.0)
  - OHHTTPStubs/Core (8.0.0)
  - OHHTTPStubs/Default (8.0.0):
    - OHHTTPStubs/Core
    - OHHTTPStubs/JSON
    - OHHTTPStubs/NSURLSession
    - OHHTTPStubs/OHPathHelpers
  - OHHTTPStubs/JSON (8.0.0):
    - OHHTTPStubs/Core
  - OHHTTPStubs/NSURLSession (8.0.0):
    - OHHTTPStubs/Core
  - OHHTTPStubs/OHPathHelpers (8.0.0)
  - PlateKeyboard_iOS (0.9.35)
  - Result (4.1.0)
  - RxAlamofire (5.1.0):
    - RxAlamofire/Core (= 5.1.0)
  - RxAlamofire/Core (5.1.0):
    - Alamofire (~> 4.8)
    - RxSwift (~> 5.0)
  - RxCocoa (5.0.1):
    - RxRelay (~> 5)
    - RxSwift (~> 5)
  - RxRelay (5.0.1):
    - RxSwift (~> 5)
  - RxSwift (5.0.1)
  - SDWebImage (5.3.3):
    - SDWebImage/Core (= 5.3.3)
  - SDWebImage/Core (5.3.3)
  - SnapKit (4.2.0)
  - SnapKitExtend (1.0.7):
    - SnapKit
  - Surge (2.3.0)
  - SwiftExpand (1.9.6.4)
  - SwiftyJSON (5.0.0)
  - YYCache (1.0.4)
  - YYCategories (1.0.4):
    - YYCategories/no-arc (= 1.0.4)
  - YYCategories/no-arc (1.0.4)
  - YYModel (1.0.4)

DEPENDENCIES:
  - Alamofire
  - AlamofireImage
  - AlamofireObjectMapper
  - BSImagePicker
  - CryptoSwift
  - HandyJSON (~> 5.0.0-beta.1)
  - IQKeyboardManagerSwift
  - Kingfisher
  - MBProgressHUD
  - MJRefresh
  - MMPopupView
  - Moya
  - NNPlateKeyboard
  - OHHTTPStubs
  - PlateKeyboard_iOS
  - RxAlamofire
  - RxCocoa
  - RxSwift
  - SDWebImage
  - SnapKit
  - SnapKitExtend
  - Surge
  - SwiftExpand
  - SwiftyJSON
  - YYCache
  - YYCategories
  - YYModel

SPEC REPOS:
  https://github.com/CocoaPods/Specs.git:
    - Alamofire
    - AlamofireImage
    - AlamofireObjectMapper
    - BSGridCollectionViewLayout
    - BSImagePicker
    - BSImageView
    - CryptoSwift
    - HandyJSON
    - IQKeyboardManagerSwift
    - Kingfisher
    - Masonry
    - MBProgressHUD
    - MJRefresh
    - MMPopupView
    - Moya
    - NNPlateKeyboard
    - ObjectMapper
    - OHHTTPStubs
    - PlateKeyboard_iOS
    - Result
    - RxAlamofire
    - RxCocoa
    - RxRelay
    - RxSwift
    - SDWebImage
    - SnapKit
    - SnapKitExtend
    - Surge
    - SwiftExpand
    - SwiftyJSON
    - YYCache
    - YYCategories
    - YYModel

SPEC CHECKSUMS:
  Alamofire: 85e8a02c69d6020a0d734f6054870d7ecb75cf18
  AlamofireImage: be9963c6582d68b39e89191f64c82a7d7bf40fdd
  AlamofireObjectMapper: 1989f690e982b71921b9253f53a4f33a9bc00d88
  BSGridCollectionViewLayout: 333dcb457a5a3bdd9212607ab5756553dcfe06cb
  BSImagePicker: 07404254f2fcdaf5a2eb403c0f8c337267ce8738
  BSImageView: a149459433a2687157d034c78e059d30ac7f2544
  CryptoSwift: 40e374e45291d8dceedcb0d6184da94533eaabdf
  HandyJSON: d45b8415c501e3affc59ca9762c1197ff0feb646
  IQKeyboardManagerSwift: 2dde0fc70110e8eac7ccce2a46fdbec6a850b414
  Kingfisher: c148cd7b47ebde9989f6bc7c27dcaa79d81279a0
  Masonry: 678fab65091a9290e40e2832a55e7ab731aad201
  MBProgressHUD: e7baa36a220447d8aeb12769bf0585582f3866d9
  MJRefresh: 2b1214a2dc8f4df4c5dcb028ea2ad4e245425fb7
  MMPopupView: fe1dd010824029dfb632fdf1a531db5dd5386020
  Moya: f4a4b80ff2f8a4ffc208dfb31cd91636622fee6e
  NNPlateKeyboard: 4add7f4bcb3cb4d48d457003266758b40c5b40b2
  ObjectMapper: 70187b8941977c62ccfb423caf6b50be405cabf0
  OHHTTPStubs: 9cbce6364bec557cc3439aa6bb7514670d780881
  PlateKeyboard_iOS: ee3b6e46034dd82e36e7b1e3520d1fed585000aa
  Result: bd966fac789cc6c1563440b348ab2598cc24d5c7
  RxAlamofire: a2d7621de4c23a0c6e7b476b504acc32838ee341
  RxCocoa: e741b9749968e8a143e2b787f1dfbff2b63d0a5c
  RxRelay: 89d54507f4fd4d969e6ec1d4bd7f3673640b4640
  RxSwift: e2dc62b366a3adf6a0be44ba9f405efd4c94e0c4
  SDWebImage: 51ab1ce3ebd20dec6665ae8ba25c928da323db41
  SnapKit: fe8a619752f3f27075cc9a90244d75c6c3f27e2a
  SnapKitExtend: 00ee4db6d1f80bee01a1e75745f2a6ae695ba662
  Surge: 13979cd9593e943f9ce1202439da2999ea57e46d
  SwiftExpand: 44ecb44cccc002cf4290840c02291d838d590528
  SwiftyJSON: 36413e04c44ee145039d332b4f4e2d3e8d6c4db7
  YYCache: 8105b6638f5e849296c71f331ff83891a4942952
  YYCategories: 6bcd4314c6661a561410dce4a793379ebd306abd
  YYModel: 2a7fdd96aaa4b86a824e26d0c517de8928c04b30

PODFILE CHECKSUM: 784b2b693d61fba5d2eadf6a3943b9bb73e5f9ca

COCOAPODS: 1.8.4
