PODS:
  - AFNetworking (4.0.1):
    - AFNetworking/NSURLSession (= 4.0.1)
    - AFNetworking/Reachability (= 4.0.1)
    - AFNetworking/Security (= 4.0.1)
    - AFNetworking/Serialization (= 4.0.1)
    - AFNetworking/UIKit (= 4.0.1)
  - AFNetworking/NSURLSession (4.0.1):
    - AFNetworking/Reachability
    - AFNetworking/Security
    - AFNetworking/Serialization
  - AFNetworking/Reachability (4.0.1)
  - AFNetworking/Security (4.0.1)
  - AFNetworking/Serialization (4.0.1)
  - AFNetworking/UIKit (4.0.1):
    - AFNetworking/NSURLSession
  - Alamofire (5.4.1)
  - AlipaySDK-iOS (15.7.9)
  - EAIntroView (2.12.0):
    - EARestrictedScrollView (~> 1.1.0)
  - EARestrictedScrollView (1.1.0)
  - EFQRCode (5.1.8):
    - EFQRCode/Core (= 5.1.8)
  - EFQRCode/Core (5.1.8)
  - FLAnimatedImage (1.0.12)
  - FloatingPanel (1.7.5)
  - HandyJSON (5.0.2)
  - HFNavigationController (1.4.2)
  - IGListDiffKit (4.0.0)
  - IGListKit (4.0.0):
    - IGListDiffKit (= 4.0.0)
  - Instructions (2.0.0)
  - IQKeyboardManagerSwift (6.5.5)
  - KeychainSwift (19.0.0)
  - Kingfisher (4.10.1)
  - Masonry (1.1.0)
  - MBProgressHUD (1.2.0)
  - MJRefresh (3.4.3)
  - MMPopupView (1.7.2):
    - Masonry
  - NNExcelView (1.0.3):
    - SnapKit
  - NNPlateKeyboard (1.4.2):
    - SnapKit
    - SnapKitExtend
    - SwiftExpand
  - NNPopoverButton (1.5.0)
  - OHHTTPStubs (9.0.0):
    - OHHTTPStubs/Default (= 9.0.0)
  - OHHTTPStubs/Core (9.0.0)
  - OHHTTPStubs/Default (9.0.0):
    - OHHTTPStubs/Core
    - OHHTTPStubs/JSON
    - OHHTTPStubs/NSURLSession
    - OHHTTPStubs/OHPathHelpers
  - OHHTTPStubs/JSON (9.0.0):
    - OHHTTPStubs/Core
  - OHHTTPStubs/NSURLSession (9.0.0):
    - OHHTTPStubs/Core
  - OHHTTPStubs/OHPathHelpers (9.0.0)
  - Reveal-SDK (26)
  - RxAlamofire (5.7.1):
    - RxAlamofire/Core (= 5.7.1)
  - RxAlamofire/Core (5.7.1):
    - Alamofire (~> 5.4)
    - RxSwift (~> 5.1)
  - RxCocoa (5.1.1):
    - RxRelay (~> 5)
    - RxSwift (~> 5)
  - RxRelay (5.1.1):
    - RxSwift (~> 5)
  - RxSwift (5.1.1)
  - RxWebKit (1.0.2):
    - RxCocoa (~> 5.0)
    - RxSwift (~> 5.0)
  - SDWebImage (5.8.3):
    - SDWebImage/Core (= 5.8.3)
  - SDWebImage/Core (5.8.3)
  - SnapKit (4.2.0)
  - SnapKitExtend (1.0.7):
    - SnapKit
  - Starscream (4.0.4)
  - SwiftExpand (7.7.2)
  - Then (2.7.0)
  - TZImagePickerController (3.3.2)
  - WechatOpenSDK (1.8.7.1)
  - XHLaunchAd (3.9.12):
    - FLAnimatedImage (~> 1.0.12)
  - YYCache (1.0.4)
  - YYCategories (1.0.4):
    - YYCategories/no-arc (= 1.0.4)
  - YYCategories/no-arc (1.0.4)
  - YYModel (1.0.4)

DEPENDENCIES:
  - AFNetworking
  - Alamofire (~> 5.4.1)
  - AlipaySDK-iOS
  - EAIntroView
  - EFQRCode
  - FloatingPanel
  - HandyJSON
  - HFNavigationController
  - IGListKit
  - Instructions
  - IQKeyboardManagerSwift
  - KeychainSwift
  - Kingfisher
  - MBProgressHUD
  - MJRefresh
  - MMPopupView
  - NNExcelView
  - NNPlateKeyboard
  - NNPopoverButton
  - OHHTTPStubs
  - Reveal-SDK
  - RxAlamofire
  - RxCocoa
  - RxSwift
  - RxWebKit
  - SDWebImage
  - SnapKit
  - SnapKitExtend
  - Starscream
  - SwiftExpand
  - Then
  - TZImagePickerController
  - WechatOpenSDK
  - XHLaunchAd
  - YYCache
  - YYCategories
  - YYModel

SPEC REPOS:
  https://github.com/CocoaPods/Specs.git:
    - AFNetworking
    - Alamofire
    - AlipaySDK-iOS
    - EAIntroView
    - EARestrictedScrollView
    - EFQRCode
    - FLAnimatedImage
    - FloatingPanel
    - HandyJSON
    - HFNavigationController
    - IGListDiffKit
    - IGListKit
    - Instructions
    - IQKeyboardManagerSwift
    - KeychainSwift
    - Kingfisher
    - Masonry
    - MBProgressHUD
    - MJRefresh
    - MMPopupView
    - NNExcelView
    - NNPlateKeyboard
    - NNPopoverButton
    - OHHTTPStubs
    - Reveal-SDK
    - RxAlamofire
    - RxCocoa
    - RxRelay
    - RxSwift
    - RxWebKit
    - SDWebImage
    - SnapKit
    - SnapKitExtend
    - Starscream
    - SwiftExpand
    - Then
    - TZImagePickerController
    - WechatOpenSDK
    - XHLaunchAd
    - YYCache
    - YYCategories
    - YYModel

SPEC CHECKSUMS:
  AFNetworking: 7864c38297c79aaca1500c33288e429c3451fdce
  Alamofire: 2291f7d21ca607c491dd17642e5d40fdcda0e65c
  AlipaySDK-iOS: 94ff4c0e17c5e7d126b8207596d5033006534c25
  EAIntroView: 249559079ddfdbe80e5bcb755c04c3b964b2ac27
  EARestrictedScrollView: b0c2a3f92fb2610bb44d71c5e4893777c89e45ef
  EFQRCode: de5eb598ca2e51bb25013d9ce484acc3152ce187
  FLAnimatedImage: 4a0b56255d9b05f18b6dd7ee06871be5d3b89e31
  FloatingPanel: bb17fd6fc7ae519f877f7bd30f4f6115a78acf07
  HandyJSON: 9e4e236f5d2dbefad5155a77417bbea438201c03
  HFNavigationController: 2d5d92ffcf0437f9f021c471df8bb764987ec46b
  IGListDiffKit: 665d6cf43ce726e676013db9c7d6c4294259b6b2
  IGListKit: fd5a5d21935298f5849fa49d426843cff97b77c7
  Instructions: debf9cedeaf8d095108fd35d2c54b97ccf769e65
  IQKeyboardManagerSwift: 0fb93310284665245591f50f7a5e38de615960b7
  KeychainSwift: a06190cf933ad46b1e0abc3d77d29c06331715c7
  Kingfisher: c148cd7b47ebde9989f6bc7c27dcaa79d81279a0
  Masonry: 678fab65091a9290e40e2832a55e7ab731aad201
  MBProgressHUD: 3ee5efcc380f6a79a7cc9b363dd669c5e1ae7406
  MJRefresh: 53e3e3219f204425ee6d3e62e8733d3295944cd6
  MMPopupView: fe1dd010824029dfb632fdf1a531db5dd5386020
  NNExcelView: 2481f5cc0e9e867525958386717d777533b06ac2
  NNPlateKeyboard: feb53e620615c5a632f2049038e1414af6364558
  NNPopoverButton: 315a96c50b73edf2342d449c7928a47592e390fa
  OHHTTPStubs: cb29d2a9d09a828ecb93349a2b0c64f99e0db89f
  Reveal-SDK: 5f94f14aff3d5f2a49f246edcd266fa4472679e9
  RxAlamofire: 8e144c62dcc01d68dcb366bfc542eb6dd46bab78
  RxCocoa: 32065309a38d29b5b0db858819b5bf9ef038b601
  RxRelay: d77f7d771495f43c556cbc43eebd1bb54d01e8e9
  RxSwift: 81470a2074fa8780320ea5fe4102807cb7118178
  RxWebKit: a3085e7cd8b57182b452692686675702474014dd
  SDWebImage: 112503ec94a5a2a41869503844a15e8d8f1ead5c
  SnapKit: fe8a619752f3f27075cc9a90244d75c6c3f27e2a
  SnapKitExtend: 00ee4db6d1f80bee01a1e75745f2a6ae695ba662
  Starscream: 5178aed56b316f13fa3bc55694e583d35dd414d9
  SwiftExpand: 7593736072d4378ae7d86b8579bf41a46c71eda8
  Then: acfe0be7e98221c6204e12f8161459606d5d822d
  TZImagePickerController: 36ca728ec681228918aa82e993aaab1962281b72
  WechatOpenSDK: 6a4d1436c15b3b5fe2a0bd383f3046010186da44
  XHLaunchAd: 6320f9c68732667323072fc3a5f104e40fbe9cfe
  YYCache: 8105b6638f5e849296c71f331ff83891a4942952
  YYCategories: 6bcd4314c6661a561410dce4a793379ebd306abd
  YYModel: 2a7fdd96aaa4b86a824e26d0c517de8928c04b30

PODFILE CHECKSUM: 656fe3dcb1de8f723cac5099142a7d52d13ccea9

COCOAPODS: 1.10.2
