// !$*UTF8*$!
{
	archiveVersion = 1;
	classes = {
	};
	objectVersion = 48;
	objects = {

/* Begin PBXBuildFile section */
		51685A01208EA75700CE8099 /* AppDelegate.swift in Sources */ = {isa = PBXBuildFile; fileRef = 51685A00208EA75700CE8099 /* AppDelegate.swift */; };
		51685A08208EA75800CE8099 /* Assets.xcassets in Resources */ = {isa = PBXBuildFile; fileRef = 51685A07208EA75800CE8099 /* Assets.xcassets */; };
		51685A13208EA79C00CE8099 /* MainViewController.swift in Sources */ = {isa = PBXBuildFile; fileRef = 51685A12208EA79C00CE8099 /* MainViewController.swift */; };
		51685A1A208EB04E00CE8099 /* Object+Helper.swift in Sources */ = {isa = PBXBuildFile; fileRef = 51685A19208EB04E00CE8099 /* Object+Helper.swift */; };
		51685A1C208EC0A700CE8099 /* Default-568h@2x.png in Resources */ = {isa = PBXBuildFile; fileRef = 51685A1B208EC0A700CE8099 /* Default-568h@2x.png */; };
/* End PBXBuildFile section */

/* Begin PBXFileReference section */
		516859FD208EA75700CE8099 /* SwiftTemplet.app */ = {isa = PBXFileReference; explicitFileType = wrapper.application; includeInIndex = 0; path = SwiftTemplet.app; sourceTree = BUILT_PRODUCTS_DIR; };
		51685A00208EA75700CE8099 /* AppDelegate.swift */ = {isa = PBXFileReference; lastKnownFileType = sourcecode.swift; path = AppDelegate.swift; sourceTree = "<group>"; };
		51685A07208EA75800CE8099 /* Assets.xcassets */ = {isa = PBXFileReference; lastKnownFileType = folder.assetcatalog; path = Assets.xcassets; sourceTree = "<group>"; };
		51685A0C208EA75900CE8099 /* Info.plist */ = {isa = PBXFileReference; lastKnownFileType = text.plist.xml; path = Info.plist; sourceTree = "<group>"; };
		51685A12208EA79C00CE8099 /* MainViewController.swift */ = {isa = PBXFileReference; lastKnownFileType = sourcecode.swift; path = MainViewController.swift; sourceTree = "<group>"; };
		51685A14208EA7C500CE8099 /* PrefixHeader.pch */ = {isa = PBXFileReference; lastKnownFileType = sourcecode.c.h; path = PrefixHeader.pch; sourceTree = "<group>"; };
		51685A15208EABE300CE8099 /* SwiftTemplet-Bridging-Header.h */ = {isa = PBXFileReference; lastKnownFileType = sourcecode.c.h; path = "SwiftTemplet-Bridging-Header.h"; sourceTree = "<group>"; };
		51685A19208EB04E00CE8099 /* Object+Helper.swift */ = {isa = PBXFileReference; lastKnownFileType = sourcecode.swift; path = "Object+Helper.swift"; sourceTree = "<group>"; };
		51685A1B208EC0A700CE8099 /* Default-568h@2x.png */ = {isa = PBXFileReference; lastKnownFileType = image.png; path = "Default-568h@2x.png"; sourceTree = "<group>"; };
/* End PBXFileReference section */

/* Begin PBXFrameworksBuildPhase section */
		516859FA208EA75700CE8099 /* Frameworks */ = {
			isa = PBXFrameworksBuildPhase;
			buildActionMask = 2147483647;
			files = (
			);
			runOnlyForDeploymentPostprocessing = 0;
		};
/* End PBXFrameworksBuildPhase section */

/* Begin PBXGroup section */
		516859F4208EA75600CE8099 = {
			isa = PBXGroup;
			children = (
				516859FF208EA75700CE8099 /* SwiftTemplet */,
				516859FE208EA75700CE8099 /* Products */,
			);
			sourceTree = "<group>";
		};
		516859FE208EA75700CE8099 /* Products */ = {
			isa = PBXGroup;
			children = (
				516859FD208EA75700CE8099 /* SwiftTemplet.app */,
			);
			name = Products;
			sourceTree = "<group>";
		};
		516859FF208EA75700CE8099 /* SwiftTemplet */ = {
			isa = PBXGroup;
			children = (
				51685A19208EB04E00CE8099 /* Object+Helper.swift */,
				51685A00208EA75700CE8099 /* AppDelegate.swift */,
				51685A12208EA79C00CE8099 /* MainViewController.swift */,
				51685A07208EA75800CE8099 /* Assets.xcassets */,
				51685A1B208EC0A700CE8099 /* Default-568h@2x.png */,
				51685A0C208EA75900CE8099 /* Info.plist */,
				51685A14208EA7C500CE8099 /* PrefixHeader.pch */,
				51685A15208EABE300CE8099 /* SwiftTemplet-Bridging-Header.h */,
			);
			path = SwiftTemplet;
			sourceTree = "<group>";
		};
/* End PBXGroup section */

/* Begin PBXNativeTarget section */
		516859FC208EA75700CE8099 /* SwiftTemplet */ = {
			isa = PBXNativeTarget;
			buildConfigurationList = 51685A0F208EA75900CE8099 /* Build configuration list for PBXNativeTarget "SwiftTemplet" */;
			buildPhases = (
				516859F9208EA75700CE8099 /* Sources */,
				516859FA208EA75700CE8099 /* Frameworks */,
				516859FB208EA75700CE8099 /* Resources */,
			);
			buildRules = (
			);
			dependencies = (
			);
			name = SwiftTemplet;
			productName = SwiftTemplet;
			productReference = 516859FD208EA75700CE8099 /* SwiftTemplet.app */;
			productType = "com.apple.product-type.application";
		};
/* End PBXNativeTarget section */

/* Begin PBXProject section */
		516859F5208EA75600CE8099 /* Project object */ = {
			isa = PBXProject;
			attributes = {
				LastSwiftUpdateCheck = 0920;
				LastUpgradeCheck = 0920;
				ORGANIZATIONNAME = BN;
				TargetAttributes = {
					516859FC208EA75700CE8099 = {
						CreatedOnToolsVersion = 9.2;
						LastSwiftMigration = 0920;
						ProvisioningStyle = Automatic;
					};
				};
			};
			buildConfigurationList = 516859F8208EA75600CE8099 /* Build configuration list for PBXProject "SwiftTemplet" */;
			compatibilityVersion = "Xcode 8.0";
			developmentRegion = en;
			hasScannedForEncodings = 0;
			knownRegions = (
				en,
				Base,
			);
			mainGroup = 516859F4208EA75600CE8099;
			productRefGroup = 516859FE208EA75700CE8099 /* Products */;
			projectDirPath = "";
			projectRoot = "";
			targets = (
				516859FC208EA75700CE8099 /* SwiftTemplet */,
			);
		};
/* End PBXProject section */

/* Begin PBXResourcesBuildPhase section */
		516859FB208EA75700CE8099 /* Resources */ = {
			isa = PBXResourcesBuildPhase;
			buildActionMask = 2147483647;
			files = (
				51685A08208EA75800CE8099 /* Assets.xcassets in Resources */,
				51685A1C208EC0A700CE8099 /* Default-568h@2x.png in Resources */,
			);
			runOnlyForDeploymentPostprocessing = 0;
		};
/* End PBXResourcesBuildPhase section */

/* Begin PBXSourcesBuildPhase section */
		516859F9208EA75700CE8099 /* Sources */ = {
			isa = PBXSourcesBuildPhase;
			buildActionMask = 2147483647;
			files = (
				51685A1A208EB04E00CE8099 /* Object+Helper.swift in Sources */,
				51685A13208EA79C00CE8099 /* MainViewController.swift in Sources */,
				51685A01208EA75700CE8099 /* AppDelegate.swift in Sources */,
			);
			runOnlyForDeploymentPostprocessing = 0;
		};
/* End PBXSourcesBuildPhase section */

/* Begin XCBuildConfiguration section */
		51685A0D208EA75900CE8099 /* Debug */ = {
			isa = XCBuildConfiguration;
			buildSettings = {
				ALWAYS_SEARCH_USER_PATHS = NO;
				CLANG_ANALYZER_NONNULL = YES;
				CLANG_ANALYZER_NUMBER_OBJECT_CONVERSION = YES_AGGRESSIVE;
				CLANG_CXX_LANGUAGE_STANDARD = "gnu++14";
				CLANG_CXX_LIBRARY = "libc++";
				CLANG_ENABLE_MODULES = YES;
				CLANG_ENABLE_OBJC_ARC = YES;
				CLANG_WARN_BLOCK_CAPTURE_AUTORELEASING = YES;
				CLANG_WARN_BOOL_CONVERSION = YES;
				CLANG_WARN_COMMA = YES;
				CLANG_WARN_CONSTANT_CONVERSION = YES;
				CLANG_WARN_DIRECT_OBJC_ISA_USAGE = YES_ERROR;
				CLANG_WARN_DOCUMENTATION_COMMENTS = YES;
				CLANG_WARN_EMPTY_BODY = YES;
				CLANG_WARN_ENUM_CONVERSION = YES;
				CLANG_WARN_INFINITE_RECURSION = YES;
				CLANG_WARN_INT_CONVERSION = YES;
				CLANG_WARN_NON_LITERAL_NULL_CONVERSION = YES;
				CLANG_WARN_OBJC_LITERAL_CONVERSION = YES;
				CLANG_WARN_OBJC_ROOT_CLASS = YES_ERROR;
				CLANG_WARN_RANGE_LOOP_ANALYSIS = YES;
				CLANG_WARN_STRICT_PROTOTYPES = YES;
				CLANG_WARN_SUSPICIOUS_MOVE = YES;
				CLANG_WARN_UNGUARDED_AVAILABILITY = YES_AGGRESSIVE;
				CLANG_WARN_UNREACHABLE_CODE = YES;
				CLANG_WARN__DUPLICATE_METHOD_MATCH = YES;
				CODE_SIGN_IDENTITY = "iPhone Developer";
				COPY_PHASE_STRIP = NO;
				DEBUG_INFORMATION_FORMAT = dwarf;
				ENABLE_STRICT_OBJC_MSGSEND = YES;
				ENABLE_TESTABILITY = YES;
				GCC_C_LANGUAGE_STANDARD = gnu11;
				GCC_DYNAMIC_NO_PIC = NO;
				GCC_NO_COMMON_BLOCKS = YES;
				GCC_OPTIMIZATION_LEVEL = 0;
				GCC_PREPROCESSOR_DEFINITIONS = (
					"DEBUG=1",
					"$(inherited)",
				);
				GCC_WARN_64_TO_32_BIT_CONVERSION = YES;
				GCC_WARN_ABOUT_RETURN_TYPE = YES_ERROR;
				GCC_WARN_UNDECLARED_SELECTOR = YES;
				GCC_WARN_UNINITIALIZED_AUTOS = YES_AGGRESSIVE;
				GCC_WARN_UNUSED_FUNCTION = YES;
				GCC_WARN_UNUSED_VARIABLE = YES;
				IPHONEOS_DEPLOYMENT_TARGET = 11.2;
				MTL_ENABLE_DEBUG_INFO = YES;
				ONLY_ACTIVE_ARCH = YES;
				SDKROOT = iphoneos;
				SWIFT_ACTIVE_COMPILATION_CONDITIONS = DEBUG;
				SWIFT_OPTIMIZATION_LEVEL = "-Onone";
			};
			name = Debug;
		};
		51685A0E208EA75900CE8099 /* Release */ = {
			isa = XCBuildConfiguration;
			buildSettings = {
				ALWAYS_SEARCH_USER_PATHS = NO;
				CLANG_ANALYZER_NONNULL = YES;
				CLANG_ANALYZER_NUMBER_OBJECT_CONVERSION = YES_AGGRESSIVE;
				CLANG_CXX_LANGUAGE_STANDARD = "gnu++14";
				CLANG_CXX_LIBRARY = "libc++";
				CLANG_ENABLE_MODULES = YES;
				CLANG_ENABLE_OBJC_ARC = YES;
				CLANG_WARN_BLOCK_CAPTURE_AUTORELEASING = YES;
				CLANG_WARN_BOOL_CONVERSION = YES;
				CLANG_WARN_COMMA = YES;
				CLANG_WARN_CONSTANT_CONVERSION = YES;
				CLANG_WARN_DIRECT_OBJC_ISA_USAGE = YES_ERROR;
				CLANG_WARN_DOCUMENTATION_COMMENTS = YES;
				CLANG_WARN_EMPTY_BODY = YES;
				CLANG_WARN_ENUM_CONVERSION = YES;
				CLANG_WARN_INFINITE_RECURSION = YES;
				CLANG_WARN_INT_CONVERSION = YES;
				CLANG_WARN_NON_LITERAL_NULL_CONVERSION = YES;
				CLANG_WARN_OBJC_LITERAL_CONVERSION = YES;
				CLANG_WARN_OBJC_ROOT_CLASS = YES_ERROR;
				CLANG_WARN_RANGE_LOOP_ANALYSIS = YES;
				CLANG_WARN_STRICT_PROTOTYPES = YES;
				CLANG_WARN_SUSPICIOUS_MOVE = YES;
				CLANG_WARN_UNGUARDED_AVAILABILITY = YES_AGGRESSIVE;
				CLANG_WARN_UNREACHABLE_CODE = YES;
				CLANG_WARN__DUPLICATE_METHOD_MATCH = YES;
				CODE_SIGN_IDENTITY = "iPhone Developer";
				COPY_PHASE_STRIP = NO;
				DEBUG_INFORMATION_FORMAT = "dwarf-with-dsym";
				ENABLE_NS_ASSERTIONS = NO;
				ENABLE_STRICT_OBJC_MSGSEND = YES;
				GCC_C_LANGUAGE_STANDARD = gnu11;
				GCC_NO_COMMON_BLOCKS = YES;
				GCC_WARN_64_TO_32_BIT_CONVERSION = YES;
				GCC_WARN_ABOUT_RETURN_TYPE = YES_ERROR;
				GCC_WARN_UNDECLARED_SELECTOR = YES;
				GCC_WARN_UNINITIALIZED_AUTOS = YES_AGGRESSIVE;
				GCC_WARN_UNUSED_FUNCTION = YES;
				GCC_WARN_UNUSED_VARIABLE = YES;
				IPHONEOS_DEPLOYMENT_TARGET = 11.2;
				MTL_ENABLE_DEBUG_INFO = NO;
				SDKROOT = iphoneos;
				SWIFT_OPTIMIZATION_LEVEL = "-Owholemodule";
				VALIDATE_PRODUCT = YES;
			};
			name = Release;
		};
		51685A10208EA75900CE8099 /* Debug */ = {
			isa = XCBuildConfiguration;
			buildSettings = {
				ASSETCATALOG_COMPILER_APPICON_NAME = AppIcon;
				CLANG_ENABLE_MODULES = YES;
				CODE_SIGN_STYLE = Automatic;
				GCC_PREFIX_HEADER = SwiftTemplet/PrefixHeader.pch;
				INFOPLIST_FILE = SwiftTemplet/Info.plist;
				LD_RUNPATH_SEARCH_PATHS = "$(inherited) @executable_path/Frameworks";
				PRODUCT_BUNDLE_IDENTIFIER = BIN.SwiftTemplet;
				PRODUCT_NAME = "$(TARGET_NAME)";
				SWIFT_OBJC_BRIDGING_HEADER = "SwiftTemplet/SwiftTemplet-Bridging-Header.h";
				SWIFT_OPTIMIZATION_LEVEL = "-Onone";
				SWIFT_VERSION = 4.0;
				TARGETED_DEVICE_FAMILY = 1;
			};
			name = Debug;
		};
		51685A11208EA75900CE8099 /* Release */ = {
			isa = XCBuildConfiguration;
			buildSettings = {
				ASSETCATALOG_COMPILER_APPICON_NAME = AppIcon;
				CLANG_ENABLE_MODULES = YES;
				CODE_SIGN_STYLE = Automatic;
				GCC_PREFIX_HEADER = SwiftTemplet/PrefixHeader.pch;
				INFOPLIST_FILE = SwiftTemplet/Info.plist;
				LD_RUNPATH_SEARCH_PATHS = "$(inherited) @executable_path/Frameworks";
				PRODUCT_BUNDLE_IDENTIFIER = BIN.SwiftTemplet;
				PRODUCT_NAME = "$(TARGET_NAME)";
				SWIFT_OBJC_BRIDGING_HEADER = "SwiftTemplet/SwiftTemplet-Bridging-Header.h";
				SWIFT_VERSION = 4.0;
				TARGETED_DEVICE_FAMILY = 1;
			};
			name = Release;
		};
/* End XCBuildConfiguration section */

/* Begin XCConfigurationList section */
		516859F8208EA75600CE8099 /* Build configuration list for PBXProject "SwiftTemplet" */ = {
			isa = XCConfigurationList;
			buildConfigurations = (
				51685A0D208EA75900CE8099 /* Debug */,
				51685A0E208EA75900CE8099 /* Release */,
			);
			defaultConfigurationIsVisible = 0;
			defaultConfigurationName = Release;
		};
		51685A0F208EA75900CE8099 /* Build configuration list for PBXNativeTarget "SwiftTemplet" */ = {
			isa = XCConfigurationList;
			buildConfigurations = (
				51685A10208EA75900CE8099 /* Debug */,
				51685A11208EA75900CE8099 /* Release */,
			);
			defaultConfigurationIsVisible = 0;
			defaultConfigurationName = Release;
		};
/* End XCConfigurationList section */
	};
	rootObject = 516859F5208EA75600CE8099 /* Project object */;
}
